
Microsoft Visual Studio Solution File, Format Version 12.00
Project("{FAE04EC0-301F-11D3-BF4B-00C04F79EFBC}") = "Neko", "Neko\Neko.csproj", "{ED12E179-22EE-4D9A-9B14-CA62EC4F51AB}"
EndProject
Project("{2150E333-8FDC-42A3-9474-1A3956D46DE8}") = "Libraries", "Libraries", "{8579F219-4B3D-4616-8887-D3DD9EA0C15E}"
EndProject
Project("{FAE04EC0-301F-11D3-BF4B-00C04F79EFBC}") = "Box2D", "..\box2c-sharp\Box2D\Box2D.csproj", "{A2D67F73-E3A4-4973-83DA-1748CCF730BE}"
EndProject
Project("{FAE04EC0-301F-11D3-BF4B-00C04F79EFBC}") = "Neko.Template", "Neko.Template\Neko.Template.csproj", "{65DA41CA-B2A5-42AD-99A0-8EC6DACB62EE}"
EndProject
Project("{FAE04EC0-301F-11D3-BF4B-00C04F79EFBC}") = "SoLoud", "..\SoLoud.NET\SoLoud\SoLoud.csproj", "{96B08CE0-D694-4485-9811-9854A0FC1D52}"
EndProject
Project("{FAE04EC0-301F-11D3-BF4B-00C04F79EFBC}") = "Neko.Frames", "Neko.Frames\Neko.Frames.csproj", "{77714D9B-2F06-406A-B698-99173BE4512D}"
EndProject
Project("{2150E333-8FDC-42A3-9474-1A3956D46DE8}") = "External", "External", "{42C12B4B-0034-4DBC-9B6F-9DBA7EA4488C}"
EndProject
Project("{FAE04EC0-301F-11D3-BF4B-00C04F79EFBC}") = "Neko.SDL", "..\Neko.SDL\Neko.SDL\Neko.SDL.csproj", "{32DC9909-B0B5-40DA-9F7A-FA2B9C8F3C6D}"
EndProject
Project("{FAE04EC0-301F-11D3-BF4B-00C04F79EFBC}") = "Neko.SDL.ImGui", "..\Neko.SDL\Neko.SDL.ImGui\Neko.SDL.ImGui.csproj", "{F5885BC5-F60A-4BB5-A98D-11890BF6BCED}"
EndProject
Project("{FAE04EC0-301F-11D3-BF4B-00C04F79EFBC}") = "Neko.SDL.ImGui.SDLRenderer", "..\Neko.SDL\Neko.SDL.ImGui.SDLRenderer\Neko.SDL.ImGui.SDLRenderer.csproj", "{260DBE61-7B41-433E-8C92-976FCD1FF919}"
EndProject
Global
	GlobalSection(SolutionConfigurationPlatforms) = preSolution
		Debug|Any CPU = Debug|Any CPU
		Release|Any CPU = Release|Any CPU
	EndGlobalSection
	GlobalSection(ProjectConfigurationPlatforms) = postSolution
		{ED12E179-22EE-4D9A-9B14-CA62EC4F51AB}.Debug|Any CPU.ActiveCfg = Debug|Any CPU
		{ED12E179-22EE-4D9A-9B14-CA62EC4F51AB}.Debug|Any CPU.Build.0 = Debug|Any CPU
		{ED12E179-22EE-4D9A-9B14-CA62EC4F51AB}.Release|Any CPU.ActiveCfg = Release|Any CPU
		{ED12E179-22EE-4D9A-9B14-CA62EC4F51AB}.Release|Any CPU.Build.0 = Release|Any CPU
		{A2D67F73-E3A4-4973-83DA-1748CCF730BE}.Debug|Any CPU.ActiveCfg = Debug|Any CPU
		{A2D67F73-E3A4-4973-83DA-1748CCF730BE}.Debug|Any CPU.Build.0 = Debug|Any CPU
		{A2D67F73-E3A4-4973-83DA-1748CCF730BE}.Release|Any CPU.ActiveCfg = Release|Any CPU
		{A2D67F73-E3A4-4973-83DA-1748CCF730BE}.Release|Any CPU.Build.0 = Release|Any CPU
		{65DA41CA-B2A5-42AD-99A0-8EC6DACB62EE}.Debug|Any CPU.ActiveCfg = Debug|Any CPU
		{65DA41CA-B2A5-42AD-99A0-8EC6DACB62EE}.Debug|Any CPU.Build.0 = Debug|Any CPU
		{65DA41CA-B2A5-42AD-99A0-8EC6DACB62EE}.Release|Any CPU.ActiveCfg = Release|Any CPU
		{65DA41CA-B2A5-42AD-99A0-8EC6DACB62EE}.Release|Any CPU.Build.0 = Release|Any CPU
		{96B08CE0-D694-4485-9811-9854A0FC1D52}.Debug|Any CPU.ActiveCfg = Debug|Any CPU
		{96B08CE0-D694-4485-9811-9854A0FC1D52}.Debug|Any CPU.Build.0 = Debug|Any CPU
		{96B08CE0-D694-4485-9811-9854A0FC1D52}.Release|Any CPU.ActiveCfg = Release|Any CPU
		{96B08CE0-D694-4485-9811-9854A0FC1D52}.Release|Any CPU.Build.0 = Release|Any CPU
		{77714D9B-2F06-406A-B698-99173BE4512D}.Debug|Any CPU.ActiveCfg = Debug|Any CPU
		{77714D9B-2F06-406A-B698-99173BE4512D}.Debug|Any CPU.Build.0 = Debug|Any CPU
		{77714D9B-2F06-406A-B698-99173BE4512D}.Release|Any CPU.ActiveCfg = Release|Any CPU
		{77714D9B-2F06-406A-B698-99173BE4512D}.Release|Any CPU.Build.0 = Release|Any CPU
		{32DC9909-B0B5-40DA-9F7A-FA2B9C8F3C6D}.Debug|Any CPU.ActiveCfg = Debug|Any CPU
		{32DC9909-B0B5-40DA-9F7A-FA2B9C8F3C6D}.Debug|Any CPU.Build.0 = Debug|Any CPU
		{32DC9909-B0B5-40DA-9F7A-FA2B9C8F3C6D}.Release|Any CPU.ActiveCfg = Release|Any CPU
		{32DC9909-B0B5-40DA-9F7A-FA2B9C8F3C6D}.Release|Any CPU.Build.0 = Release|Any CPU
		{F5885BC5-F60A-4BB5-A98D-11890BF6BCED}.Debug|Any CPU.ActiveCfg = Debug|Any CPU
		{F5885BC5-F60A-4BB5-A98D-11890BF6BCED}.Debug|Any CPU.Build.0 = Debug|Any CPU
		{F5885BC5-F60A-4BB5-A98D-11890BF6BCED}.Release|Any CPU.ActiveCfg = Release|Any CPU
		{F5885BC5-F60A-4BB5-A98D-11890BF6BCED}.Release|Any CPU.Build.0 = Release|Any CPU
		{260DBE61-7B41-433E-8C92-976FCD1FF919}.Debug|Any CPU.ActiveCfg = Debug|Any CPU
		{260DBE61-7B41-433E-8C92-976FCD1FF919}.Debug|Any CPU.Build.0 = Debug|Any CPU
		{260DBE61-7B41-433E-8C92-976FCD1FF919}.Release|Any CPU.ActiveCfg = Release|Any CPU
		{260DBE61-7B41-433E-8C92-976FCD1FF919}.Release|Any CPU.Build.0 = Release|Any CPU
	EndGlobalSection
	GlobalSection(NestedProjects) = preSolution
		{77714D9B-2F06-406A-B698-99173BE4512D} = {8579F219-4B3D-4616-8887-D3DD9EA0C15E}
		{42C12B4B-0034-4DBC-9B6F-9DBA7EA4488C} = {8579F219-4B3D-4616-8887-D3DD9EA0C15E}
		{A2D67F73-E3A4-4973-83DA-1748CCF730BE} = {42C12B4B-0034-4DBC-9B6F-9DBA7EA4488C}
		{96B08CE0-D694-4485-9811-9854A0FC1D52} = {42C12B4B-0034-4DBC-9B6F-9DBA7EA4488C}
		{32DC9909-B0B5-40DA-9F7A-FA2B9C8F3C6D} = {42C12B4B-0034-4DBC-9B6F-9DBA7EA4488C}
		{F5885BC5-F60A-4BB5-A98D-11890BF6BCED} = {42C12B4B-0034-4DBC-9B6F-9DBA7EA4488C}
		{260DBE61-7B41-433E-8C92-976FCD1FF919} = {42C12B4B-0034-4DBC-9B6F-9DBA7EA4488C}
	EndGlobalSection
EndGlobal
